
Microsoft Visual Studio Solution File, Format Version 12.00
# Visual Studio Version 17
VisualStudioVersion = 17.13.35825.156 d17.13
MinimumVisualStudioVersion = 10.0.40219.1
Project("{FAE04EC0-301F-11D3-BF4B-00C04F79EFBC}") = "POM_BENSIN_ALDILATEEF", "POM_BENSIN_ALDILATEEF.csproj", "{1F67F78C-197F-4C86-8372-FFFF93379E68}"
EndProject
Global
	GlobalSection(SolutionConfigurationPlatforms) = preSolution
		Debug|Any CPU = Debug|Any CPU
		Release|Any CPU = Release|Any CPU
	EndGlobalSection
	GlobalSection(ProjectConfigurationPlatforms) = postSolution
		{1F67F78C-197F-4C86-8372-FFFF93379E68}.Debug|Any CPU.ActiveCfg = Debug|Any CPU
		{1F67F78C-197F-4C86-8372-FFFF93379E68}.Debug|Any CPU.Build.0 = Debug|Any CPU
		{1F67F78C-197F-4C86-8372-FFFF93379E68}.Release|Any CPU.ActiveCfg = Release|Any CPU
		{1F67F78C-197F-4C86-8372-FFFF93379E68}.Release|Any CPU.Build.0 = Release|Any CPU
	EndGlobalSection
	GlobalSection(SolutionProperties) = preSolution
		HideSolutionNode = FALSE
	EndGlobalSection
	GlobalSection(ExtensibilityGlobals) = postSolution
		SolutionGuid = {CE7E0F3A-DAD5-4003-AAC4-A0ADBAF31C23}
	EndGlobalSection
EndGlobal
